
Microsoft Visual Studio Solution File, Format Version 12.00
# Visual Studio Version 17
VisualStudioVersion = 17.1.32228.430
MinimumVisualStudioVersion = 10.0.40219.1
Project("{FAE04EC0-301F-11D3-BF4B-00C04F79EFBC}") = "SistemaDeVenta", "SistemaDeVenta\SistemaDeVenta.csproj", "{87EAAD9D-5B5F-42A6-85BA-35B11592BFA4}"
EndProject
Global
	GlobalSection(SolutionConfigurationPlatforms) = preSolution
		Debug|Any CPU = Debug|Any CPU
		Release|Any CPU = Release|Any CPU
	EndGlobalSection
	GlobalSection(ProjectConfigurationPlatforms) = postSolution
		{87EAAD9D-5B5F-42A6-85BA-35B11592BFA4}.Debug|Any CPU.ActiveCfg = Debug|Any CPU
		{87EAAD9D-5B5F-42A6-85BA-35B11592BFA4}.Debug|Any CPU.Build.0 = Debug|Any CPU
		{87EAAD9D-5B5F-42A6-85BA-35B11592BFA4}.Release|Any CPU.ActiveCfg = Release|Any CPU
		{87EAAD9D-5B5F-42A6-85BA-35B11592BFA4}.Release|Any CPU.Build.0 = Release|Any CPU
	EndGlobalSection
	GlobalSection(SolutionProperties) = preSolution
		HideSolutionNode = FALSE
	EndGlobalSection
	GlobalSection(ExtensibilityGlobals) = postSolution
		SolutionGuid = {D30E44DC-550B-45B5-9812-A3165B642209}
	EndGlobalSection
EndGlobal
